
Microsoft Visual Studio Solution File, Format Version 12.00
# Visual Studio Version 17
VisualStudioVersion = 17.10.34916.146
MinimumVisualStudioVersion = 10.0.40219.1
Project("{9A19103F-16F7-4668-BE54-9A1E7A4F7556}") = "Game.WebAPI", "Game\Game.WebAPI.csproj", "{2FB0E7BF-2D7E-48EB-85A1-48F4143E88AD}"
EndProject
Project("{9A19103F-16F7-4668-BE54-9A1E7A4F7556}") = "Game.Common", "Game.Common\Game.Common.csproj", "{E5A60A52-8881-4F07-931D-C5CBC029125D}"
EndProject
Project("{9A19103F-16F7-4668-BE54-9A1E7A4F7556}") = "Game.Model", "Champion.Model\Game.Model.csproj", "{2B454E01-DC06-4A31-862B-7C50F2C5A86D}"
EndProject
Project("{9A19103F-16F7-4668-BE54-9A1E7A4F7556}") = "Game.Repository.Common", "Champion.Repository.Common\Game.Repository.Common.csproj", "{E74B5B59-696F-43D6-AC48-7B9C538FB7A3}"
EndProject
Project("{9A19103F-16F7-4668-BE54-9A1E7A4F7556}") = "Game.Repository", "ChampionRepository\Game.Repository.csproj", "{1D03594E-C9CC-407B-B5E9-E38ABCA9E156}"
EndProject
Project("{9A19103F-16F7-4668-BE54-9A1E7A4F7556}") = "Game.Service.Common", "Game.Service.Common\Game.Service.Common.csproj", "{10E237AC-6B4F-401A-8FCA-B8032018A4E5}"
EndProject
Project("{9A19103F-16F7-4668-BE54-9A1E7A4F7556}") = "Game.Service", "Game.Service\Game.Service.csproj", "{DEEA6E3D-AE65-4E9A-B579-72AE3D6AB6D2}"
EndProject
Global
	GlobalSection(SolutionConfigurationPlatforms) = preSolution
		Debug|Any CPU = Debug|Any CPU
		Release|Any CPU = Release|Any CPU
	EndGlobalSection
	GlobalSection(ProjectConfigurationPlatforms) = postSolution
		{2FB0E7BF-2D7E-48EB-85A1-48F4143E88AD}.Debug|Any CPU.ActiveCfg = Debug|Any CPU
		{2FB0E7BF-2D7E-48EB-85A1-48F4143E88AD}.Debug|Any CPU.Build.0 = Debug|Any CPU
		{2FB0E7BF-2D7E-48EB-85A1-48F4143E88AD}.Release|Any CPU.ActiveCfg = Release|Any CPU
		{2FB0E7BF-2D7E-48EB-85A1-48F4143E88AD}.Release|Any CPU.Build.0 = Release|Any CPU
		{E5A60A52-8881-4F07-931D-C5CBC029125D}.Debug|Any CPU.ActiveCfg = Debug|Any CPU
		{E5A60A52-8881-4F07-931D-C5CBC029125D}.Debug|Any CPU.Build.0 = Debug|Any CPU
		{E5A60A52-8881-4F07-931D-C5CBC029125D}.Release|Any CPU.ActiveCfg = Release|Any CPU
		{E5A60A52-8881-4F07-931D-C5CBC029125D}.Release|Any CPU.Build.0 = Release|Any CPU
		{2B454E01-DC06-4A31-862B-7C50F2C5A86D}.Debug|Any CPU.ActiveCfg = Debug|Any CPU
		{2B454E01-DC06-4A31-862B-7C50F2C5A86D}.Debug|Any CPU.Build.0 = Debug|Any CPU
		{2B454E01-DC06-4A31-862B-7C50F2C5A86D}.Release|Any CPU.ActiveCfg = Release|Any CPU
		{2B454E01-DC06-4A31-862B-7C50F2C5A86D}.Release|Any CPU.Build.0 = Release|Any CPU
		{E74B5B59-696F-43D6-AC48-7B9C538FB7A3}.Debug|Any CPU.ActiveCfg = Debug|Any CPU
		{E74B5B59-696F-43D6-AC48-7B9C538FB7A3}.Debug|Any CPU.Build.0 = Debug|Any CPU
		{E74B5B59-696F-43D6-AC48-7B9C538FB7A3}.Release|Any CPU.ActiveCfg = Release|Any CPU
		{E74B5B59-696F-43D6-AC48-7B9C538FB7A3}.Release|Any CPU.Build.0 = Release|Any CPU
		{1D03594E-C9CC-407B-B5E9-E38ABCA9E156}.Debug|Any CPU.ActiveCfg = Debug|Any CPU
		{1D03594E-C9CC-407B-B5E9-E38ABCA9E156}.Debug|Any CPU.Build.0 = Debug|Any CPU
		{1D03594E-C9CC-407B-B5E9-E38ABCA9E156}.Release|Any CPU.ActiveCfg = Release|Any CPU
		{1D03594E-C9CC-407B-B5E9-E38ABCA9E156}.Release|Any CPU.Build.0 = Release|Any CPU
		{10E237AC-6B4F-401A-8FCA-B8032018A4E5}.Debug|Any CPU.ActiveCfg = Debug|Any CPU
		{10E237AC-6B4F-401A-8FCA-B8032018A4E5}.Debug|Any CPU.Build.0 = Debug|Any CPU
		{10E237AC-6B4F-401A-8FCA-B8032018A4E5}.Release|Any CPU.ActiveCfg = Release|Any CPU
		{10E237AC-6B4F-401A-8FCA-B8032018A4E5}.Release|Any CPU.Build.0 = Release|Any CPU
		{DEEA6E3D-AE65-4E9A-B579-72AE3D6AB6D2}.Debug|Any CPU.ActiveCfg = Debug|Any CPU
		{DEEA6E3D-AE65-4E9A-B579-72AE3D6AB6D2}.Debug|Any CPU.Build.0 = Debug|Any CPU
		{DEEA6E3D-AE65-4E9A-B579-72AE3D6AB6D2}.Release|Any CPU.ActiveCfg = Release|Any CPU
		{DEEA6E3D-AE65-4E9A-B579-72AE3D6AB6D2}.Release|Any CPU.Build.0 = Release|Any CPU
	EndGlobalSection
	GlobalSection(SolutionProperties) = preSolution
		HideSolutionNode = FALSE
	EndGlobalSection
	GlobalSection(ExtensibilityGlobals) = postSolution
		SolutionGuid = {E459A49E-8680-4F33-8F58-D5B6DC18DA0E}
	EndGlobalSection
EndGlobal
